
Microsoft Visual Studio Solution File, Format Version 12.00
# Visual Studio Version 17
VisualStudioVersion = 17.1.32328.378
MinimumVisualStudioVersion = 10.0.40219.1
Project("{FAE04EC0-301F-11D3-BF4B-00C04F79EFBC}") = "LuckyTicket", "LuckyTicket\LuckyTicket.csproj", "{6F7CD46B-42EB-4BC0-8ED2-DBC7B41CAD15}"
EndProject
Global
	GlobalSection(SolutionConfigurationPlatforms) = preSolution
		Debug|Any CPU = Debug|Any CPU
		Release|Any CPU = Release|Any CPU
	EndGlobalSection
	GlobalSection(ProjectConfigurationPlatforms) = postSolution
		{6F7CD46B-42EB-4BC0-8ED2-DBC7B41CAD15}.Debug|Any CPU.ActiveCfg = Debug|Any CPU
		{6F7CD46B-42EB-4BC0-8ED2-DBC7B41CAD15}.Debug|Any CPU.Build.0 = Debug|Any CPU
		{6F7CD46B-42EB-4BC0-8ED2-DBC7B41CAD15}.Release|Any CPU.ActiveCfg = Release|Any CPU
		{6F7CD46B-42EB-4BC0-8ED2-DBC7B41CAD15}.Release|Any CPU.Build.0 = Release|Any CPU
	EndGlobalSection
	GlobalSection(SolutionProperties) = preSolution
		HideSolutionNode = FALSE
	EndGlobalSection
	GlobalSection(ExtensibilityGlobals) = postSolution
		SolutionGuid = {B1AFFE86-7356-4732-8FAB-A63D5B79CB67}
	EndGlobalSection
EndGlobal
